{
  "version": 4,
  "terraform_version": "1.7.4",
  "serial": 34,
  "lineage": "1ee9a098-c50d-add3-0889-acfd3422bf9e",
  "outputs": {
    "cluster_endpoint": {
      "value": "https://605944AABDDAF63CB3FB15B6278805D8.gr7.us-west-2.eks.amazonaws.com",
      "type": "string"
    },
    "cluster_id": {
      "value": "module-eks-2LDBB",
      "type": "string"
    },
    "cluster_name": {
      "value": "module-eks-2LDBB",
      "type": "string"
    }
  },
  "resources": [
    {
      "mode": "data",
      "type": "aws_eks_cluster",
      "name": "cluster",
      "provider": "provider[\"registry.terraform.io/hashicorp/aws\"]",
      "instances": [
        {
          "schema_version": 0,
          "attributes": {
            "arn": "arn:aws:eks:us-west-2:822853697743:cluster/module-eks-2LDBB",
            "certificate_authority": [
              {
                "data": "LS0tLS1CRUdJTiBDRVJUSUZJQ0FURS0tLS0tCk1JSURCVENDQWUyZ0F3SUJBZ0lJR3ZWZjZXdDVqVzR3RFFZSktvWklodmNOQVFFTEJRQXdGVEVUTUJFR0ExVUUKQXhNS2EzVmlaWEp1WlhSbGN6QWVGdzB5TkRBek1Ea3lNelUzTlRWYUZ3MHpOREF6TURnd01EQXlOVFZhTUJVeApFekFSQmdOVkJBTVRDbXQxWW1WeWJtVjBaWE13Z2dFaU1BMEdDU3FHU0liM0RRRUJBUVVBQTRJQkR3QXdnZ0VLCkFvSUJBUURuQ1Y2Si8wYXVtOFM1RnRWaDB0NHlIeHpKVnlHaFBpa3UvWUVTblFXTHBvdEp0YnBSOVR4dEQrMlUKVkpkWlJvbUVaRUVCVXY0QVlUREgwK1RubFJ6TmFPVXVtWjBGWlhDWUVQeWk2aExxL0RDYnIrZUtDODg2bTF6TAo4ZENwVkJ4RjJEeXNnV2ZmK1BOVGk1d2trdklpTndEa3lRQ0NHWXQ1TUkzR0d2UkNHSS9OSkc3VCthdUxnandkCm1IM1NjaElrQlpaYjV1R2RsV1djMEtjNVF6VlVVbVc3UFYxZDVEa3MvbEtlWGxjdG01WmRpYjdvZ3BOTnY1L00KVVgxazRXUnNtcG5lUEtLYTZ0Y0xTSHQ5OTlrWmdvWmVHTkFHdThKbzZKMEF0ay9aUGlFSHdQeDJxaGhuWHlSUwpteVN4VzROc0laSm1mUkpJeWJoTmRjbkhuLzlUQWdNQkFBR2pXVEJYTUE0R0ExVWREd0VCL3dRRUF3SUNwREFQCkJnTlZIUk1CQWY4RUJUQURBUUgvTUIwR0ExVWREZ1FXQkJUd09PTk5NeGd2aUdXd3NSWlk3UEhTNUpFaUhUQVYKQmdOVkhSRUVEakFNZ2dwcmRXSmxjbTVsZEdWek1BMEdDU3FHU0liM0RRRUJDd1VBQTRJQkFRQVFndmdFT2YxZApqZzJXQk4zTTUrZnJHOG9kK2h1cWowUXgyYkRUcTl6cWI0UXJUMm9PcnZucWErVVNiMWlodEl4TTlNeFEydUVlCnpDZGdUUEx0c1U3SFA1UnVCQmt5blMrZFpZNStDcDFoMitwei9WU0M0Ky9PR3B3eHRSSXEzNHJMcExUWkNabEkKaXd4VlIzaDA5bFhVZVduMWxnVnpSamxibnQ1L2FoQ3RwZUltdTVENHpkbEZFQlN4c2xHQ2Z0NnJ1ditxczhSQwpabVRaOTRhczZCcGJMSVpPMG11U2I2L2dYd3VEOGo0VW1rcDZHT2RrMTRqR2dUQko1UmdlRmgxbWJjS3BwcnZECjZ5VFp4bjhibk1acFNXTkRyWEdOM20wb1BxWjlZL3ZIdWRHbHo1M3lyaXpBTnRRMUpKVU9SQTdRcmR3aTkvalYKQlNCQUlxaDZUL1k0Ci0tLS0tRU5EIENFUlRJRklDQVRFLS0tLS0K"
              }
            ],
            "created_at": "2024-03-09 23:58:32.804 +0000 UTC",
            "enabled_cluster_log_types": [],
            "endpoint": "https://605944AABDDAF63CB3FB15B6278805D8.gr7.us-west-2.eks.amazonaws.com",
            "id": "module-eks-2LDBB",
            "identity": [
              {
                "oidc": [
                  {
                    "issuer": "https://oidc.eks.us-west-2.amazonaws.com/id/605944AABDDAF63CB3FB15B6278805D8"
                  }
                ]
              }
            ],
            "kubernetes_network_config": [
              {
                "ip_family": "ipv4",
                "service_ipv4_cidr": "172.20.0.0/16"
              }
            ],
            "name": "module-eks-2LDBB",
            "platform_version": "eks.3",
            "role_arn": "arn:aws:iam::822853697743:role/eks-cluster-byte-burguer",
            "status": "ACTIVE",
            "tags": {},
            "version": "1.29",
            "vpc_config": [
              {
                "cluster_security_group_id": "sg-0a52e75d7b5055300",
                "endpoint_private_access": false,
                "endpoint_public_access": true,
                "public_access_cidrs": [
                  "0.0.0.0/0"
                ],
                "security_group_ids": [
                  "sg-08f2256fed6d8e078"
                ],
                "subnet_ids": [
                  "subnet-03786f5843fa1aa1b",
                  "subnet-0a2274b160924303d"
                ],
                "vpc_id": "vpc-05c5fb2cf5cdff93b"
              }
            ]
          },
          "sensitive_attributes": []
        }
      ]
    },
    {
      "mode": "data",
      "type": "aws_eks_cluster_auth",
      "name": "cluster",
      "provider": "provider[\"registry.terraform.io/hashicorp/aws\"]",
      "instances": [
        {
          "schema_version": 0,
          "attributes": {
            "id": "module-eks-2LDBB",
            "name": "module-eks-2LDBB",
            "token": "k8s-aws-v1.aHR0cHM6Ly9zdHMuYW1hem9uYXdzLmNvbS8_QWN0aW9uPUdldENhbGxlcklkZW50aXR5JlZlcnNpb249MjAxMS0wNi0xNSZYLUFtei1BbGdvcml0aG09QVdTNC1ITUFDLVNIQTI1NiZYLUFtei1DcmVkZW50aWFsPUFLSUEzN0ZQSEFESDJURU1FS0dOJTJGMjAyNDAzMTAlMkZ1cy1lYXN0LTElMkZzdHMlMkZhd3M0X3JlcXVlc3QmWC1BbXotRGF0ZT0yMDI0MDMxMFQwMDUwMDFaJlgtQW16LUV4cGlyZXM9MCZYLUFtei1TaWduZWRIZWFkZXJzPWhvc3QlM0J4LWs4cy1hd3MtaWQmWC1BbXotU2lnbmF0dXJlPTNkODIwZTg0YTI5ZTIyMTU3NWQ0NjkxZWI4ZTI1NzI2OWFjNzc4ZDExZGYwMjc1MWViM2I4NjMzNTBjOGY2M2U"
          },
          "sensitive_attributes": []
        }
      ]
    },
    {
      "mode": "managed",
      "type": "kubernetes_deployment",
      "name": "ByteBurguer-API",
      "provider": "provider[\"registry.terraform.io/hashicorp/kubernetes\"]",
      "instances": [
        {
          "schema_version": 1,
          "attributes": {
            "id": "default/byteburguer-api",
            "metadata": [
              {
                "annotations": null,
                "generate_name": "",
                "generation": 1,
                "labels": {
                  "nome": "byteburguer"
                },
                "name": "byteburguer-api",
                "namespace": "default",
                "resource_version": "7608",
                "uid": "276b0531-1903-40ce-b138-439ef1e9acb8"
              }
            ],
            "spec": [
              {
                "min_ready_seconds": 0,
                "paused": false,
                "progress_deadline_seconds": 600,
                "replicas": "1",
                "revision_history_limit": 10,
                "selector": [
                  {
                    "match_expressions": [],
                    "match_labels": {
                      "nome": "byteburguer"
                    }
                  }
                ],
                "strategy": [
                  {
                    "rolling_update": [
                      {
                        "max_surge": "25%",
                        "max_unavailable": "25%"
                      }
                    ],
                    "type": "RollingUpdate"
                  }
                ],
                "template": [
                  {
                    "metadata": [
                      {
                        "annotations": null,
                        "generate_name": "",
                        "generation": 0,
                        "labels": {
                          "nome": "byteburguer"
                        },
                        "name": "",
                        "namespace": "",
                        "resource_version": "",
                        "uid": ""
                      }
                    ],
                    "spec": [
                      {
                        "active_deadline_seconds": 0,
                        "affinity": [],
                        "automount_service_account_token": true,
                        "container": [
                          {
                            "args": null,
                            "command": null,
                            "env": [],
                            "env_from": [],
                            "image": "hiltonbruno633/byte-burguer-api:latest",
                            "image_pull_policy": "Always",
                            "lifecycle": [],
                            "liveness_probe": [],
                            "name": "byteburguer",
                            "port": [],
                            "readiness_probe": [],
                            "resources": [
                              {
                                "limits": {},
                                "requests": {}
                              }
                            ],
                            "security_context": [],
                            "startup_probe": [],
                            "stdin": false,
                            "stdin_once": false,
                            "termination_message_path": "/dev/termination-log",
                            "termination_message_policy": "File",
                            "tty": false,
                            "volume_mount": [],
                            "working_dir": ""
                          }
                        ],
                        "dns_config": [],
                        "dns_policy": "ClusterFirst",
                        "enable_service_links": true,
                        "host_aliases": [],
                        "host_ipc": false,
                        "host_network": false,
                        "host_pid": false,
                        "hostname": "",
                        "image_pull_secrets": [],
                        "init_container": [],
                        "node_name": "",
                        "node_selector": null,
                        "os": [],
                        "priority_class_name": "",
                        "readiness_gate": [],
                        "restart_policy": "Always",
                        "runtime_class_name": "",
                        "scheduler_name": "default-scheduler",
                        "security_context": [],
                        "service_account_name": "",
                        "share_process_namespace": false,
                        "subdomain": "",
                        "termination_grace_period_seconds": 30,
                        "toleration": [],
                        "topology_spread_constraint": [],
                        "volume": []
                      }
                    ]
                  }
                ]
              }
            ],
            "timeouts": null,
            "wait_for_rollout": true
          },
          "sensitive_attributes": [],
          "private": "eyJlMmJmYjczMC1lY2FhLTExZTYtOGY4OC0zNDM2M2JjN2M0YzAiOnsiY3JlYXRlIjo2MDAwMDAwMDAwMDAsImRlbGV0ZSI6NjAwMDAwMDAwMDAwLCJ1cGRhdGUiOjYwMDAwMDAwMDAwMH0sInNjaGVtYV92ZXJzaW9uIjoiMSJ9",
          "dependencies": [
            "data.aws_eks_cluster.cluster",
            "data.aws_eks_cluster_auth.cluster",
            "module.eks.aws_eks_cluster.byte-burguer",
            "module.eks.aws_iam_role.byte-burguer",
            "module.eks.aws_iam_role_policy_attachment.byte-burguer-AmazonEKSClusterPolicy",
            "module.eks.aws_iam_role_policy_attachment.byte-burguer-AmazonEKSVPCResourceController",
            "module.eks.aws_security_group.node_group_one",
            "module.vpc.aws_subnet.public_byte-burguer_subnet",
            "module.vpc.aws_vpc.byte-burguer",
            "module.vpc.data.aws_availability_zones.available",
            "module.vpc.random_shuffle.az_list",
            "random_string.suffix"
          ]
        }
      ]
    },
    {
      "mode": "managed",
      "type": "kubernetes_service",
      "name": "LoadBalancer",
      "provider": "provider[\"registry.terraform.io/hashicorp/kubernetes\"]",
      "instances": [
        {
          "schema_version": 1,
          "attributes": {
            "id": "default/load-balancer-byteburguer-api",
            "metadata": [
              {
                "annotations": {},
                "generate_name": "",
                "generation": 0,
                "labels": {},
                "name": "load-balancer-byteburguer-api",
                "namespace": "default",
                "resource_version": "3596",
                "uid": "cc832bfd-005c-4f2e-846c-4f8a3d1df652"
              }
            ],
            "spec": [
              {
                "allocate_load_balancer_node_ports": true,
                "cluster_ip": "172.20.138.117",
                "cluster_ips": [
                  "172.20.138.117"
                ],
                "external_ips": [],
                "external_name": "",
                "external_traffic_policy": "Cluster",
                "health_check_node_port": 0,
                "internal_traffic_policy": "Cluster",
                "ip_families": [
                  "IPv4"
                ],
                "ip_family_policy": "SingleStack",
                "load_balancer_class": "",
                "load_balancer_ip": "",
                "load_balancer_source_ranges": [],
                "port": [
                  {
                    "app_protocol": "",
                    "name": "",
                    "node_port": 31400,
                    "port": 8000,
                    "protocol": "TCP",
                    "target_port": "8000"
                  }
                ],
                "publish_not_ready_addresses": false,
                "selector": {
                  "nome": "byteburguer"
                },
                "session_affinity": "None",
                "session_affinity_config": [],
                "type": "LoadBalancer"
              }
            ],
            "status": [
              {
                "load_balancer": [
                  {
                    "ingress": [
                      {
                        "hostname": "acc832bfd005c4f2e846c4f8a3d1df65-2051113477.us-west-2.elb.amazonaws.com",
                        "ip": ""
                      }
                    ]
                  }
                ]
              }
            ],
            "timeouts": null,
            "wait_for_load_balancer": true
          },
          "sensitive_attributes": [],
          "private": "eyJlMmJmYjczMC1lY2FhLTExZTYtOGY4OC0zNDM2M2JjN2M0YzAiOnsiY3JlYXRlIjo2MDAwMDAwMDAwMDB9LCJzY2hlbWFfdmVyc2lvbiI6IjEifQ==",
          "dependencies": [
            "data.aws_eks_cluster.cluster",
            "data.aws_eks_cluster_auth.cluster",
            "module.eks.aws_eks_cluster.byte-burguer",
            "module.eks.aws_iam_role.byte-burguer",
            "module.eks.aws_iam_role_policy_attachment.byte-burguer-AmazonEKSClusterPolicy",
            "module.eks.aws_iam_role_policy_attachment.byte-burguer-AmazonEKSVPCResourceController",
            "module.eks.aws_security_group.node_group_one",
            "module.vpc.aws_subnet.public_byte-burguer_subnet",
            "module.vpc.aws_vpc.byte-burguer",
            "module.vpc.data.aws_availability_zones.available",
            "module.vpc.random_shuffle.az_list",
            "random_string.suffix"
          ]
        }
      ]
    },
    {
      "mode": "managed",
      "type": "random_string",
      "name": "suffix",
      "provider": "provider[\"registry.terraform.io/hashicorp/random\"]",
      "instances": [
        {
          "schema_version": 1,
          "attributes": {
            "id": "2LDBB",
            "keepers": null,
            "length": 5,
            "lower": true,
            "min_lower": 0,
            "min_numeric": 0,
            "min_special": 0,
            "min_upper": 0,
            "number": true,
            "override_special": null,
            "result": "2LDBB",
            "special": false,
            "upper": true
          },
          "sensitive_attributes": [],
          "private": "eyJzY2hlbWFfdmVyc2lvbiI6IjEifQ=="
        }
      ]
    },
    {
      "module": "module.eks",
      "mode": "managed",
      "type": "aws_eks_cluster",
      "name": "byte-burguer",
      "provider": "provider[\"registry.terraform.io/hashicorp/aws\"]",
      "instances": [
        {
          "schema_version": 0,
          "attributes": {
            "arn": "arn:aws:eks:us-west-2:822853697743:cluster/module-eks-2LDBB",
            "certificate_authority": [
              {
                "data": "LS0tLS1CRUdJTiBDRVJUSUZJQ0FURS0tLS0tCk1JSURCVENDQWUyZ0F3SUJBZ0lJR3ZWZjZXdDVqVzR3RFFZSktvWklodmNOQVFFTEJRQXdGVEVUTUJFR0ExVUUKQXhNS2EzVmlaWEp1WlhSbGN6QWVGdzB5TkRBek1Ea3lNelUzTlRWYUZ3MHpOREF6TURnd01EQXlOVFZhTUJVeApFekFSQmdOVkJBTVRDbXQxWW1WeWJtVjBaWE13Z2dFaU1BMEdDU3FHU0liM0RRRUJBUVVBQTRJQkR3QXdnZ0VLCkFvSUJBUURuQ1Y2Si8wYXVtOFM1RnRWaDB0NHlIeHpKVnlHaFBpa3UvWUVTblFXTHBvdEp0YnBSOVR4dEQrMlUKVkpkWlJvbUVaRUVCVXY0QVlUREgwK1RubFJ6TmFPVXVtWjBGWlhDWUVQeWk2aExxL0RDYnIrZUtDODg2bTF6TAo4ZENwVkJ4RjJEeXNnV2ZmK1BOVGk1d2trdklpTndEa3lRQ0NHWXQ1TUkzR0d2UkNHSS9OSkc3VCthdUxnandkCm1IM1NjaElrQlpaYjV1R2RsV1djMEtjNVF6VlVVbVc3UFYxZDVEa3MvbEtlWGxjdG01WmRpYjdvZ3BOTnY1L00KVVgxazRXUnNtcG5lUEtLYTZ0Y0xTSHQ5OTlrWmdvWmVHTkFHdThKbzZKMEF0ay9aUGlFSHdQeDJxaGhuWHlSUwpteVN4VzROc0laSm1mUkpJeWJoTmRjbkhuLzlUQWdNQkFBR2pXVEJYTUE0R0ExVWREd0VCL3dRRUF3SUNwREFQCkJnTlZIUk1CQWY4RUJUQURBUUgvTUIwR0ExVWREZ1FXQkJUd09PTk5NeGd2aUdXd3NSWlk3UEhTNUpFaUhUQVYKQmdOVkhSRUVEakFNZ2dwcmRXSmxjbTVsZEdWek1BMEdDU3FHU0liM0RRRUJDd1VBQTRJQkFRQVFndmdFT2YxZApqZzJXQk4zTTUrZnJHOG9kK2h1cWowUXgyYkRUcTl6cWI0UXJUMm9PcnZucWErVVNiMWlodEl4TTlNeFEydUVlCnpDZGdUUEx0c1U3SFA1UnVCQmt5blMrZFpZNStDcDFoMitwei9WU0M0Ky9PR3B3eHRSSXEzNHJMcExUWkNabEkKaXd4VlIzaDA5bFhVZVduMWxnVnpSamxibnQ1L2FoQ3RwZUltdTVENHpkbEZFQlN4c2xHQ2Z0NnJ1ditxczhSQwpabVRaOTRhczZCcGJMSVpPMG11U2I2L2dYd3VEOGo0VW1rcDZHT2RrMTRqR2dUQko1UmdlRmgxbWJjS3BwcnZECjZ5VFp4bjhibk1acFNXTkRyWEdOM20wb1BxWjlZL3ZIdWRHbHo1M3lyaXpBTnRRMUpKVU9SQTdRcmR3aTkvalYKQlNCQUlxaDZUL1k0Ci0tLS0tRU5EIENFUlRJRklDQVRFLS0tLS0K"
              }
            ],
            "created_at": "2024-03-09 23:58:32.804 +0000 UTC",
            "enabled_cluster_log_types": [],
            "encryption_config": [],
            "endpoint": "https://605944AABDDAF63CB3FB15B6278805D8.gr7.us-west-2.eks.amazonaws.com",
            "id": "module-eks-2LDBB",
            "identity": [
              {
                "oidc": [
                  {
                    "issuer": "https://oidc.eks.us-west-2.amazonaws.com/id/605944AABDDAF63CB3FB15B6278805D8"
                  }
                ]
              }
            ],
            "kubernetes_network_config": [
              {
                "ip_family": "ipv4",
                "service_ipv4_cidr": "172.20.0.0/16"
              }
            ],
            "name": "module-eks-2LDBB",
            "platform_version": "eks.3",
            "role_arn": "arn:aws:iam::822853697743:role/eks-cluster-byte-burguer",
            "status": "ACTIVE",
            "tags": {},
            "tags_all": {},
            "timeouts": null,
            "version": "1.29",
            "vpc_config": [
              {
                "cluster_security_group_id": "sg-0a52e75d7b5055300",
                "endpoint_private_access": false,
                "endpoint_public_access": true,
                "public_access_cidrs": [
                  "0.0.0.0/0"
                ],
                "security_group_ids": [
                  "sg-08f2256fed6d8e078"
                ],
                "subnet_ids": [
                  "subnet-03786f5843fa1aa1b",
                  "subnet-0a2274b160924303d"
                ],
                "vpc_id": "vpc-05c5fb2cf5cdff93b"
              }
            ]
          },
          "sensitive_attributes": [],
          "private": "eyJlMmJmYjczMC1lY2FhLTExZTYtOGY4OC0zNDM2M2JjN2M0YzAiOnsiY3JlYXRlIjoxODAwMDAwMDAwMDAwLCJkZWxldGUiOjkwMDAwMDAwMDAwMCwidXBkYXRlIjozNjAwMDAwMDAwMDAwfX0=",
          "dependencies": [
            "module.eks.aws_iam_role.byte-burguer",
            "module.eks.aws_iam_role_policy_attachment.byte-burguer-AmazonEKSClusterPolicy",
            "module.eks.aws_iam_role_policy_attachment.byte-burguer-AmazonEKSVPCResourceController",
            "module.eks.aws_security_group.node_group_one",
            "module.vpc.aws_subnet.public_byte-burguer_subnet",
            "module.vpc.aws_vpc.byte-burguer",
            "module.vpc.data.aws_availability_zones.available",
            "module.vpc.random_shuffle.az_list",
            "random_string.suffix"
          ]
        }
      ]
    },
    {
      "module": "module.eks",
      "mode": "managed",
      "type": "aws_eks_node_group",
      "name": "byte-burguer",
      "provider": "provider[\"registry.terraform.io/hashicorp/aws\"]",
      "instances": [
        {
          "schema_version": 0,
          "attributes": {
            "ami_type": "AL2_x86_64",
            "arn": "arn:aws:eks:us-west-2:822853697743:nodegroup/module-eks-2LDBB/byte-burguer/44c712da-187f-fe7e-22f3-0e7a13f89d44",
            "capacity_type": "ON_DEMAND",
            "cluster_name": "module-eks-2LDBB",
            "disk_size": 20,
            "force_update_version": null,
            "id": "module-eks-2LDBB:byte-burguer",
            "instance_types": [
              "t3.micro"
            ],
            "labels": {},
            "launch_template": [],
            "node_group_name": "byte-burguer",
            "node_group_name_prefix": "",
            "node_role_arn": "arn:aws:iam::822853697743:role/eks-node-group-byte-burguer",
            "release_version": "1.29.0-20240307",
            "remote_access": [
              {
                "ec2_ssh_key": "TestKeyPair",
                "source_security_group_ids": [
                  "sg-08f2256fed6d8e078"
                ]
              }
            ],
            "resources": [
              {
                "autoscaling_groups": [
                  {
                    "name": "eks-byte-burguer-44c712da-187f-fe7e-22f3-0e7a13f89d44"
                  }
                ],
                "remote_access_security_group_id": "sg-03d2cd9a018c79b75"
              }
            ],
            "scaling_config": [
              {
                "desired_size": 3,
                "max_size": 4,
                "min_size": 3
              }
            ],
            "status": "ACTIVE",
            "subnet_ids": [
              "subnet-03786f5843fa1aa1b",
              "subnet-0a2274b160924303d"
            ],
            "tags": {},
            "tags_all": {},
            "taint": [],
            "timeouts": null,
            "update_config": [
              {
                "max_unavailable": 1,
                "max_unavailable_percentage": 0
              }
            ],
            "version": "1.29"
          },
          "sensitive_attributes": [],
          "private": "eyJlMmJmYjczMC1lY2FhLTExZTYtOGY4OC0zNDM2M2JjN2M0YzAiOnsiY3JlYXRlIjozNjAwMDAwMDAwMDAwLCJkZWxldGUiOjM2MDAwMDAwMDAwMDAsInVwZGF0ZSI6MzYwMDAwMDAwMDAwMH19",
          "dependencies": [
            "module.eks.aws_eks_cluster.byte-burguer",
            "module.eks.aws_iam_role.byte-burguer",
            "module.eks.aws_iam_role.byte-burguer2",
            "module.eks.aws_iam_role_policy_attachment.byte-burguer-AmazonEC2ContainerRegistryReadOnly",
            "module.eks.aws_iam_role_policy_attachment.byte-burguer-AmazonEKSClusterPolicy",
            "module.eks.aws_iam_role_policy_attachment.byte-burguer-AmazonEKSVPCResourceController",
            "module.eks.aws_iam_role_policy_attachment.byte-burguer-AmazonEKSWorkerNodePolicy",
            "module.eks.aws_iam_role_policy_attachment.byte-burguer-AmazonEKS_CNI_Policy",
            "module.eks.aws_security_group.node_group_one",
            "module.vpc.aws_subnet.public_byte-burguer_subnet",
            "module.vpc.aws_vpc.byte-burguer",
            "module.vpc.data.aws_availability_zones.available",
            "module.vpc.random_shuffle.az_list",
            "random_string.suffix"
          ]
        }
      ]
    },
    {
      "module": "module.eks",
      "mode": "managed",
      "type": "aws_iam_role",
      "name": "byte-burguer",
      "provider": "provider[\"registry.terraform.io/hashicorp/aws\"]",
      "instances": [
        {
          "schema_version": 0,
          "attributes": {
            "arn": "arn:aws:iam::822853697743:role/eks-cluster-byte-burguer",
            "assume_role_policy": "{\"Version\":\"2012-10-17\",\"Statement\":[{\"Effect\":\"Allow\",\"Principal\":{\"Service\":\"eks.amazonaws.com\"},\"Action\":\"sts:AssumeRole\"}]}",
            "create_date": "2024-03-09T23:58:14Z",
            "description": "",
            "force_detach_policies": false,
            "id": "eks-cluster-byte-burguer",
            "inline_policy": [
              {
                "name": "",
                "policy": ""
              }
            ],
            "managed_policy_arns": [
              "arn:aws:iam::aws:policy/AmazonEKSClusterPolicy",
              "arn:aws:iam::aws:policy/AmazonEKSVPCResourceController"
            ],
            "max_session_duration": 3600,
            "name": "eks-cluster-byte-burguer",
            "name_prefix": "",
            "path": "/",
            "permissions_boundary": null,
            "tags": {},
            "tags_all": {},
            "unique_id": "AROA37FPHADHTMZOYYX6E"
          },
          "sensitive_attributes": [],
          "private": "bnVsbA=="
        }
      ]
    },
    {
      "module": "module.eks",
      "mode": "managed",
      "type": "aws_iam_role",
      "name": "byte-burguer2",
      "provider": "provider[\"registry.terraform.io/hashicorp/aws\"]",
      "instances": [
        {
          "schema_version": 0,
          "attributes": {
            "arn": "arn:aws:iam::822853697743:role/eks-node-group-byte-burguer",
            "assume_role_policy": "{\"Version\":\"2012-10-17\",\"Statement\":[{\"Effect\":\"Allow\",\"Principal\":{\"Service\":\"ec2.amazonaws.com\"},\"Action\":\"sts:AssumeRole\"}]}",
            "create_date": "2024-03-09T23:58:14Z",
            "description": "",
            "force_detach_policies": false,
            "id": "eks-node-group-byte-burguer",
            "inline_policy": [
              {
                "name": "",
                "policy": ""
              }
            ],
            "managed_policy_arns": [
              "arn:aws:iam::aws:policy/AmazonEC2ContainerRegistryReadOnly",
              "arn:aws:iam::aws:policy/AmazonEKSWorkerNodePolicy",
              "arn:aws:iam::aws:policy/AmazonEKS_CNI_Policy"
            ],
            "max_session_duration": 3600,
            "name": "eks-node-group-byte-burguer",
            "name_prefix": "",
            "path": "/",
            "permissions_boundary": null,
            "tags": {},
            "tags_all": {},
            "unique_id": "AROA37FPHADHS3O63LGDM"
          },
          "sensitive_attributes": [],
          "private": "bnVsbA=="
        }
      ]
    },
    {
      "module": "module.eks",
      "mode": "managed",
      "type": "aws_iam_role_policy_attachment",
      "name": "byte-burguer-AmazonEC2ContainerRegistryReadOnly",
      "provider": "provider[\"registry.terraform.io/hashicorp/aws\"]",
      "instances": [
        {
          "schema_version": 0,
          "attributes": {
            "id": "eks-node-group-byte-burguer-20240309235815962300000002",
            "policy_arn": "arn:aws:iam::aws:policy/AmazonEC2ContainerRegistryReadOnly",
            "role": "eks-node-group-byte-burguer"
          },
          "sensitive_attributes": [],
          "private": "bnVsbA==",
          "dependencies": [
            "module.eks.aws_iam_role.byte-burguer2"
          ]
        }
      ]
    },
    {
      "module": "module.eks",
      "mode": "managed",
      "type": "aws_iam_role_policy_attachment",
      "name": "byte-burguer-AmazonEKSClusterPolicy",
      "provider": "provider[\"registry.terraform.io/hashicorp/aws\"]",
      "instances": [
        {
          "schema_version": 0,
          "attributes": {
            "id": "eks-cluster-byte-burguer-20240309235816358700000005",
            "policy_arn": "arn:aws:iam::aws:policy/AmazonEKSClusterPolicy",
            "role": "eks-cluster-byte-burguer"
          },
          "sensitive_attributes": [],
          "private": "bnVsbA==",
          "dependencies": [
            "module.eks.aws_iam_role.byte-burguer"
          ]
        }
      ]
    },
    {
      "module": "module.eks",
      "mode": "managed",
      "type": "aws_iam_role_policy_attachment",
      "name": "byte-burguer-AmazonEKSVPCResourceController",
      "provider": "provider[\"registry.terraform.io/hashicorp/aws\"]",
      "instances": [
        {
          "schema_version": 0,
          "attributes": {
            "id": "eks-cluster-byte-burguer-20240309235816253700000004",
            "policy_arn": "arn:aws:iam::aws:policy/AmazonEKSVPCResourceController",
            "role": "eks-cluster-byte-burguer"
          },
          "sensitive_attributes": [],
          "private": "bnVsbA==",
          "dependencies": [
            "module.eks.aws_iam_role.byte-burguer"
          ]
        }
      ]
    },
    {
      "module": "module.eks",
      "mode": "managed",
      "type": "aws_iam_role_policy_attachment",
      "name": "byte-burguer-AmazonEKSWorkerNodePolicy",
      "provider": "provider[\"registry.terraform.io/hashicorp/aws\"]",
      "instances": [
        {
          "schema_version": 0,
          "attributes": {
            "id": "eks-node-group-byte-burguer-20240309235815916300000001",
            "policy_arn": "arn:aws:iam::aws:policy/AmazonEKSWorkerNodePolicy",
            "role": "eks-node-group-byte-burguer"
          },
          "sensitive_attributes": [],
          "private": "bnVsbA==",
          "dependencies": [
            "module.eks.aws_iam_role.byte-burguer2"
          ]
        }
      ]
    },
    {
      "module": "module.eks",
      "mode": "managed",
      "type": "aws_iam_role_policy_attachment",
      "name": "byte-burguer-AmazonEKS_CNI_Policy",
      "provider": "provider[\"registry.terraform.io/hashicorp/aws\"]",
      "instances": [
        {
          "schema_version": 0,
          "attributes": {
            "id": "eks-node-group-byte-burguer-20240309235816155200000003",
            "policy_arn": "arn:aws:iam::aws:policy/AmazonEKS_CNI_Policy",
            "role": "eks-node-group-byte-burguer"
          },
          "sensitive_attributes": [],
          "private": "bnVsbA==",
          "dependencies": [
            "module.eks.aws_iam_role.byte-burguer2"
          ]
        }
      ]
    },
    {
      "module": "module.eks",
      "mode": "managed",
      "type": "aws_security_group",
      "name": "node_group_one",
      "provider": "provider[\"registry.terraform.io/hashicorp/aws\"]",
      "instances": [
        {
          "schema_version": 1,
          "attributes": {
            "arn": "arn:aws:ec2:us-west-2:822853697743:security-group/sg-08f2256fed6d8e078",
            "description": "Managed by Terraform",
            "egress": [
              {
                "cidr_blocks": [
                  "0.0.0.0/0"
                ],
                "description": "",
                "from_port": 0,
                "ipv6_cidr_blocks": [],
                "prefix_list_ids": [],
                "protocol": "-1",
                "security_groups": [],
                "self": false,
                "to_port": 0
              }
            ],
            "id": "sg-08f2256fed6d8e078",
            "ingress": [
              {
                "cidr_blocks": [
                  "0.0.0.0/0"
                ],
                "description": "",
                "from_port": 80,
                "ipv6_cidr_blocks": [],
                "prefix_list_ids": [],
                "protocol": "tcp",
                "security_groups": [],
                "self": false,
                "to_port": 80
              }
            ],
            "name": "node_group_one20240309235816979200000006",
            "name_prefix": "node_group_one",
            "owner_id": "822853697743",
            "revoke_rules_on_delete": false,
            "tags": {},
            "tags_all": {},
            "timeouts": null,
            "vpc_id": "vpc-05c5fb2cf5cdff93b"
          },
          "sensitive_attributes": [],
          "private": "eyJlMmJmYjczMC1lY2FhLTExZTYtOGY4OC0zNDM2M2JjN2M0YzAiOnsiY3JlYXRlIjo2MDAwMDAwMDAwMDAsImRlbGV0ZSI6OTAwMDAwMDAwMDAwfSwic2NoZW1hX3ZlcnNpb24iOiIxIn0=",
          "dependencies": [
            "module.vpc.aws_vpc.byte-burguer"
          ]
        }
      ]
    },
    {
      "module": "module.vpc",
      "mode": "data",
      "type": "aws_availability_zones",
      "name": "available",
      "provider": "provider[\"registry.terraform.io/hashicorp/aws\"]",
      "instances": [
        {
          "schema_version": 0,
          "attributes": {
            "all_availability_zones": null,
            "exclude_names": null,
            "exclude_zone_ids": null,
            "filter": null,
            "group_names": [
              "us-west-2"
            ],
            "id": "us-west-2",
            "names": [
              "us-west-2a",
              "us-west-2b",
              "us-west-2c",
              "us-west-2d"
            ],
            "state": null,
            "zone_ids": [
              "usw2-az1",
              "usw2-az2",
              "usw2-az3",
              "usw2-az4"
            ]
          },
          "sensitive_attributes": []
        }
      ]
    },
    {
      "module": "module.vpc",
      "mode": "managed",
      "type": "aws_default_route_table",
      "name": "internal_byte-burguer_default",
      "provider": "provider[\"registry.terraform.io/hashicorp/aws\"]",
      "instances": [
        {
          "schema_version": 0,
          "attributes": {
            "arn": "arn:aws:ec2:us-west-2:822853697743:route-table/rtb-01136bc9f99d04dda",
            "default_route_table_id": "rtb-01136bc9f99d04dda",
            "id": "rtb-01136bc9f99d04dda",
            "owner_id": "822853697743",
            "propagating_vgws": [],
            "route": [
              {
                "cidr_block": "0.0.0.0/0",
                "core_network_arn": "",
                "destination_prefix_list_id": "",
                "egress_only_gateway_id": "",
                "gateway_id": "igw-0fe41195d27d29e30",
                "instance_id": "",
                "ipv6_cidr_block": "",
                "nat_gateway_id": "",
                "network_interface_id": "",
                "transit_gateway_id": "",
                "vpc_endpoint_id": "",
                "vpc_peering_connection_id": ""
              }
            ],
            "tags": {
              "Name": "byte-burguer"
            },
            "tags_all": {
              "Name": "byte-burguer"
            },
            "timeouts": null,
            "vpc_id": "vpc-05c5fb2cf5cdff93b"
          },
          "sensitive_attributes": [],
          "private": "eyJlMmJmYjczMC1lY2FhLTExZTYtOGY4OC0zNDM2M2JjN2M0YzAiOnsiY3JlYXRlIjoxMjAwMDAwMDAwMDAsInVwZGF0ZSI6MTIwMDAwMDAwMDAwfX0=",
          "dependencies": [
            "module.vpc.aws_internet_gateway.byte-burguer_gw",
            "module.vpc.aws_vpc.byte-burguer"
          ]
        }
      ]
    },
    {
      "module": "module.vpc",
      "mode": "managed",
      "type": "aws_internet_gateway",
      "name": "byte-burguer_gw",
      "provider": "provider[\"registry.terraform.io/hashicorp/aws\"]",
      "instances": [
        {
          "schema_version": 0,
          "attributes": {
            "arn": "arn:aws:ec2:us-west-2:822853697743:internet-gateway/igw-0fe41195d27d29e30",
            "id": "igw-0fe41195d27d29e30",
            "owner_id": "822853697743",
            "tags": {
              "Name": "byte-burguer"
            },
            "tags_all": {
              "Name": "byte-burguer"
            },
            "vpc_id": "vpc-05c5fb2cf5cdff93b"
          },
          "sensitive_attributes": [],
          "private": "bnVsbA==",
          "dependencies": [
            "module.vpc.aws_vpc.byte-burguer"
          ]
        }
      ]
    },
    {
      "module": "module.vpc",
      "mode": "managed",
      "type": "aws_route_table_association",
      "name": "default",
      "provider": "provider[\"registry.terraform.io/hashicorp/aws\"]",
      "instances": [
        {
          "index_key": 0,
          "schema_version": 0,
          "attributes": {
            "gateway_id": "",
            "id": "rtbassoc-0ef68bf23678875dc",
            "route_table_id": "rtb-01136bc9f99d04dda",
            "subnet_id": "subnet-0a2274b160924303d"
          },
          "sensitive_attributes": [],
          "private": "bnVsbA==",
          "dependencies": [
            "module.vpc.aws_default_route_table.internal_byte-burguer_default",
            "module.vpc.aws_internet_gateway.byte-burguer_gw",
            "module.vpc.aws_subnet.public_byte-burguer_subnet",
            "module.vpc.aws_vpc.byte-burguer",
            "module.vpc.data.aws_availability_zones.available",
            "module.vpc.random_shuffle.az_list"
          ]
        },
        {
          "index_key": 1,
          "schema_version": 0,
          "attributes": {
            "gateway_id": "",
            "id": "rtbassoc-0f6a15cad11228433",
            "route_table_id": "rtb-01136bc9f99d04dda",
            "subnet_id": "subnet-03786f5843fa1aa1b"
          },
          "sensitive_attributes": [],
          "private": "bnVsbA==",
          "dependencies": [
            "module.vpc.aws_default_route_table.internal_byte-burguer_default",
            "module.vpc.aws_internet_gateway.byte-burguer_gw",
            "module.vpc.aws_subnet.public_byte-burguer_subnet",
            "module.vpc.aws_vpc.byte-burguer",
            "module.vpc.data.aws_availability_zones.available",
            "module.vpc.random_shuffle.az_list"
          ]
        }
      ]
    },
    {
      "module": "module.vpc",
      "mode": "managed",
      "type": "aws_subnet",
      "name": "public_byte-burguer_subnet",
      "provider": "provider[\"registry.terraform.io/hashicorp/aws\"]",
      "instances": [
        {
          "index_key": 0,
          "schema_version": 1,
          "attributes": {
            "arn": "arn:aws:ec2:us-west-2:822853697743:subnet/subnet-0a2274b160924303d",
            "assign_ipv6_address_on_creation": false,
            "availability_zone": "us-west-2a",
            "availability_zone_id": "usw2-az1",
            "cidr_block": "10.0.1.0/24",
            "customer_owned_ipv4_pool": "",
            "enable_dns64": false,
            "enable_resource_name_dns_a_record_on_launch": false,
            "enable_resource_name_dns_aaaa_record_on_launch": false,
            "id": "subnet-0a2274b160924303d",
            "ipv6_cidr_block": "",
            "ipv6_cidr_block_association_id": "",
            "ipv6_native": false,
            "map_customer_owned_ip_on_launch": false,
            "map_public_ip_on_launch": true,
            "outpost_arn": "",
            "owner_id": "822853697743",
            "private_dns_hostname_type_on_launch": "ip-name",
            "tags": {
              "Name": "byte-burguer"
            },
            "tags_all": {
              "Name": "byte-burguer"
            },
            "timeouts": null,
            "vpc_id": "vpc-05c5fb2cf5cdff93b"
          },
          "sensitive_attributes": [],
          "private": "eyJlMmJmYjczMC1lY2FhLTExZTYtOGY4OC0zNDM2M2JjN2M0YzAiOnsiY3JlYXRlIjo2MDAwMDAwMDAwMDAsImRlbGV0ZSI6MTIwMDAwMDAwMDAwMH0sInNjaGVtYV92ZXJzaW9uIjoiMSJ9",
          "dependencies": [
            "module.vpc.aws_vpc.byte-burguer",
            "module.vpc.data.aws_availability_zones.available",
            "module.vpc.random_shuffle.az_list"
          ]
        },
        {
          "index_key": 1,
          "schema_version": 1,
          "attributes": {
            "arn": "arn:aws:ec2:us-west-2:822853697743:subnet/subnet-03786f5843fa1aa1b",
            "assign_ipv6_address_on_creation": false,
            "availability_zone": "us-west-2d",
            "availability_zone_id": "usw2-az4",
            "cidr_block": "10.0.2.0/24",
            "customer_owned_ipv4_pool": "",
            "enable_dns64": false,
            "enable_resource_name_dns_a_record_on_launch": false,
            "enable_resource_name_dns_aaaa_record_on_launch": false,
            "id": "subnet-03786f5843fa1aa1b",
            "ipv6_cidr_block": "",
            "ipv6_cidr_block_association_id": "",
            "ipv6_native": false,
            "map_customer_owned_ip_on_launch": false,
            "map_public_ip_on_launch": true,
            "outpost_arn": "",
            "owner_id": "822853697743",
            "private_dns_hostname_type_on_launch": "ip-name",
            "tags": {
              "Name": "byte-burguer"
            },
            "tags_all": {
              "Name": "byte-burguer"
            },
            "timeouts": null,
            "vpc_id": "vpc-05c5fb2cf5cdff93b"
          },
          "sensitive_attributes": [],
          "private": "eyJlMmJmYjczMC1lY2FhLTExZTYtOGY4OC0zNDM2M2JjN2M0YzAiOnsiY3JlYXRlIjo2MDAwMDAwMDAwMDAsImRlbGV0ZSI6MTIwMDAwMDAwMDAwMH0sInNjaGVtYV92ZXJzaW9uIjoiMSJ9",
          "dependencies": [
            "module.vpc.aws_vpc.byte-burguer",
            "module.vpc.data.aws_availability_zones.available",
            "module.vpc.random_shuffle.az_list"
          ]
        }
      ]
    },
    {
      "module": "module.vpc",
      "mode": "managed",
      "type": "aws_vpc",
      "name": "byte-burguer",
      "provider": "provider[\"registry.terraform.io/hashicorp/aws\"]",
      "instances": [
        {
          "schema_version": 1,
          "attributes": {
            "arn": "arn:aws:ec2:us-west-2:822853697743:vpc/vpc-05c5fb2cf5cdff93b",
            "assign_generated_ipv6_cidr_block": false,
            "cidr_block": "10.0.0.0/16",
            "default_network_acl_id": "acl-03192e28cd97f3853",
            "default_route_table_id": "rtb-01136bc9f99d04dda",
            "default_security_group_id": "sg-0a8417b5fd20556cd",
            "dhcp_options_id": "dopt-084c1f7a5d55f3f72",
            "enable_classiclink": false,
            "enable_classiclink_dns_support": false,
            "enable_dns_hostnames": false,
            "enable_dns_support": true,
            "id": "vpc-05c5fb2cf5cdff93b",
            "instance_tenancy": "default",
            "ipv4_ipam_pool_id": null,
            "ipv4_netmask_length": null,
            "ipv6_association_id": "",
            "ipv6_cidr_block": "",
            "ipv6_cidr_block_network_border_group": "",
            "ipv6_ipam_pool_id": "",
            "ipv6_netmask_length": 0,
            "main_route_table_id": "rtb-01136bc9f99d04dda",
            "owner_id": "822853697743",
            "tags": {
              "Name": "byte-burguer"
            },
            "tags_all": {
              "Name": "byte-burguer"
            }
          },
          "sensitive_attributes": [],
          "private": "eyJzY2hlbWFfdmVyc2lvbiI6IjEifQ=="
        }
      ]
    },
    {
      "module": "module.vpc",
      "mode": "managed",
      "type": "random_shuffle",
      "name": "az_list",
      "provider": "provider[\"registry.terraform.io/hashicorp/random\"]",
      "instances": [
        {
          "schema_version": 0,
          "attributes": {
            "id": "-",
            "input": [
              "us-west-2a",
              "us-west-2b",
              "us-west-2c",
              "us-west-2d"
            ],
            "keepers": null,
            "result": [
              "us-west-2a",
              "us-west-2d"
            ],
            "result_count": 2,
            "seed": null
          },
          "sensitive_attributes": [],
          "private": "bnVsbA==",
          "dependencies": [
            "module.vpc.data.aws_availability_zones.available"
          ]
        }
      ]
    }
  ],
  "check_results": null
}
